
Microsoft Visual Studio Solution File, Format Version 12.00
# Visual Studio 14
VisualStudioVersion = 14.0.25420.1
MinimumVisualStudioVersion = 10.0.40219.1
Project("{2150E333-8FDC-42A3-9474-1A3956D46DE8}") = "src", "src", "{04AD705F-8669-484A-BE05-2EA5A3B2478C}"
EndProject
Project("{2150E333-8FDC-42A3-9474-1A3956D46DE8}") = "Solution Items", "Solution Items", "{917A6DB9-70FB-44E6-BF75-62896C86DC76}"
	ProjectSection(SolutionItems) = preProject
		global.json = global.json
	EndProjectSection
EndProject
Project("{8BB2217D-0F2D-49D1-97BC-3654ED321F3B}") = "QR.Web", "src\QR.Web\QR.Web.xproj", "{58A6226F-2D50-4107-8D81-E5A7D485F8AF}"
EndProject
Project("{8BB2217D-0F2D-49D1-97BC-3654ED321F3B}") = "QR.Models", "src\QR.Models\QR.Models.xproj", "{B5D209AA-D0E7-41A5-92B2-8CEE8F0FB8EA}"
EndProject
Project("{8BB2217D-0F2D-49D1-97BC-3654ED321F3B}") = "QR.Common", "src\QR.Common\QR.Common.xproj", "{8493427F-2BAA-4A4C-A799-6FB8BB928530}"
EndProject
Project("{8BB2217D-0F2D-49D1-97BC-3654ED321F3B}") = "QR.DataAccess", "src\QR.DataAccess\QR.DataAccess.xproj", "{F932A6DB-A39B-422A-B1F1-6D4BF6EE08DA}"
EndProject
Global
	GlobalSection(SolutionConfigurationPlatforms) = preSolution
		Debug|Any CPU = Debug|Any CPU
		Release|Any CPU = Release|Any CPU
	EndGlobalSection
	GlobalSection(ProjectConfigurationPlatforms) = postSolution
		{58A6226F-2D50-4107-8D81-E5A7D485F8AF}.Debug|Any CPU.ActiveCfg = Debug|Any CPU
		{58A6226F-2D50-4107-8D81-E5A7D485F8AF}.Debug|Any CPU.Build.0 = Debug|Any CPU
		{58A6226F-2D50-4107-8D81-E5A7D485F8AF}.Release|Any CPU.ActiveCfg = Release|Any CPU
		{58A6226F-2D50-4107-8D81-E5A7D485F8AF}.Release|Any CPU.Build.0 = Release|Any CPU
		{B5D209AA-D0E7-41A5-92B2-8CEE8F0FB8EA}.Debug|Any CPU.ActiveCfg = Debug|Any CPU
		{B5D209AA-D0E7-41A5-92B2-8CEE8F0FB8EA}.Debug|Any CPU.Build.0 = Debug|Any CPU
		{B5D209AA-D0E7-41A5-92B2-8CEE8F0FB8EA}.Release|Any CPU.ActiveCfg = Release|Any CPU
		{B5D209AA-D0E7-41A5-92B2-8CEE8F0FB8EA}.Release|Any CPU.Build.0 = Release|Any CPU
		{8493427F-2BAA-4A4C-A799-6FB8BB928530}.Debug|Any CPU.ActiveCfg = Debug|Any CPU
		{8493427F-2BAA-4A4C-A799-6FB8BB928530}.Debug|Any CPU.Build.0 = Debug|Any CPU
		{8493427F-2BAA-4A4C-A799-6FB8BB928530}.Release|Any CPU.ActiveCfg = Release|Any CPU
		{8493427F-2BAA-4A4C-A799-6FB8BB928530}.Release|Any CPU.Build.0 = Release|Any CPU
		{F932A6DB-A39B-422A-B1F1-6D4BF6EE08DA}.Debug|Any CPU.ActiveCfg = Debug|Any CPU
		{F932A6DB-A39B-422A-B1F1-6D4BF6EE08DA}.Debug|Any CPU.Build.0 = Debug|Any CPU
		{F932A6DB-A39B-422A-B1F1-6D4BF6EE08DA}.Release|Any CPU.ActiveCfg = Release|Any CPU
		{F932A6DB-A39B-422A-B1F1-6D4BF6EE08DA}.Release|Any CPU.Build.0 = Release|Any CPU
	EndGlobalSection
	GlobalSection(SolutionProperties) = preSolution
		HideSolutionNode = FALSE
	EndGlobalSection
	GlobalSection(NestedProjects) = preSolution
		{58A6226F-2D50-4107-8D81-E5A7D485F8AF} = {04AD705F-8669-484A-BE05-2EA5A3B2478C}
		{B5D209AA-D0E7-41A5-92B2-8CEE8F0FB8EA} = {04AD705F-8669-484A-BE05-2EA5A3B2478C}
		{8493427F-2BAA-4A4C-A799-6FB8BB928530} = {04AD705F-8669-484A-BE05-2EA5A3B2478C}
		{F932A6DB-A39B-422A-B1F1-6D4BF6EE08DA} = {04AD705F-8669-484A-BE05-2EA5A3B2478C}
	EndGlobalSection
EndGlobal
